
Microsoft Visual Studio Solution File, Format Version 12.00
# Visual Studio Version 16
VisualStudioVersion = 16.0.31424.327
MinimumVisualStudioVersion = 10.0.40219.1
Project("{FAE04EC0-301F-11D3-BF4B-00C04F79EFBC}") = "0719Test", "0719Test\0719Test.csproj", "{FF5797C7-E039-4817-B781-DAC9AE09C007}"
EndProject
Global
	GlobalSection(SolutionConfigurationPlatforms) = preSolution
		Debug|Any CPU = Debug|Any CPU
		Release|Any CPU = Release|Any CPU
	EndGlobalSection
	GlobalSection(ProjectConfigurationPlatforms) = postSolution
		{FF5797C7-E039-4817-B781-DAC9AE09C007}.Debug|Any CPU.ActiveCfg = Debug|Any CPU
		{FF5797C7-E039-4817-B781-DAC9AE09C007}.Debug|Any CPU.Build.0 = Debug|Any CPU
		{FF5797C7-E039-4817-B781-DAC9AE09C007}.Release|Any CPU.ActiveCfg = Release|Any CPU
		{FF5797C7-E039-4817-B781-DAC9AE09C007}.Release|Any CPU.Build.0 = Release|Any CPU
	EndGlobalSection
	GlobalSection(SolutionProperties) = preSolution
		HideSolutionNode = FALSE
	EndGlobalSection
	GlobalSection(ExtensibilityGlobals) = postSolution
		SolutionGuid = {97556BA0-22F5-4D8C-84E2-DD9826BDBA99}
	EndGlobalSection
EndGlobal
